
Microsoft Visual Studio Solution File, Format Version 12.00
# Visual Studio Version 17
VisualStudioVersion = 17.7.34024.191
MinimumVisualStudioVersion = 10.0.40219.1
Project("{FAE04EC0-301F-11D3-BF4B-00C04F79EFBC}") = "Sep5Task", "Sep5Task\Sep5Task.csproj", "{6A29C16F-8611-4AEF-A14E-99CC0D1BEA4F}"
EndProject
Global
	GlobalSection(SolutionConfigurationPlatforms) = preSolution
		Debug|Any CPU = Debug|Any CPU
		Release|Any CPU = Release|Any CPU
	EndGlobalSection
	GlobalSection(ProjectConfigurationPlatforms) = postSolution
		{6A29C16F-8611-4AEF-A14E-99CC0D1BEA4F}.Debug|Any CPU.ActiveCfg = Debug|Any CPU
		{6A29C16F-8611-4AEF-A14E-99CC0D1BEA4F}.Debug|Any CPU.Build.0 = Debug|Any CPU
		{6A29C16F-8611-4AEF-A14E-99CC0D1BEA4F}.Release|Any CPU.ActiveCfg = Release|Any CPU
		{6A29C16F-8611-4AEF-A14E-99CC0D1BEA4F}.Release|Any CPU.Build.0 = Release|Any CPU
	EndGlobalSection
	GlobalSection(SolutionProperties) = preSolution
		HideSolutionNode = FALSE
	EndGlobalSection
	GlobalSection(ExtensibilityGlobals) = postSolution
		SolutionGuid = {86971F5C-C810-4B9A-B824-8A987E175582}
	EndGlobalSection
EndGlobal
